// !$*UTF8*$!
{
	archiveVersion = 1;
	classes = {
	};
	objectVersion = 50;
	objects = {

/* Begin PBXBuildFile section */
		40454B6E22967D45005D0FC3 /* AppDelegate.m in Sources */ = {isa = PBXBuildFile; fileRef = 40454B6D22967D45005D0FC3 /* AppDelegate.m */; };
		40454B7122967D45005D0FC3 /* ViewController.m in Sources */ = {isa = PBXBuildFile; fileRef = 40454B7022967D45005D0FC3 /* ViewController.m */; };
		40454B7422967D45005D0FC3 /* Main.storyboard in Resources */ = {isa = PBXBuildFile; fileRef = 40454B7222967D45005D0FC3 /* Main.storyboard */; };
		40454B7622967D45005D0FC3 /* Assets.xcassets in Resources */ = {isa = PBXBuildFile; fileRef = 40454B7522967D45005D0FC3 /* Assets.xcassets */; };
		40454B7922967D45005D0FC3 /* LaunchScreen.storyboard in Resources */ = {isa = PBXBuildFile; fileRef = 40454B7722967D45005D0FC3 /* LaunchScreen.storyboard */; };
		40454B7C22967D45005D0FC3 /* main.m in Sources */ = {isa = PBXBuildFile; fileRef = 40454B7B22967D45005D0FC3 /* main.m */; };
		40454B8622967D45005D0FC3 /* PodPracticeTests.m in Sources */ = {isa = PBXBuildFile; fileRef = 40454B8522967D45005D0FC3 /* PodPracticeTests.m */; };
		40454B9122967D45005D0FC3 /* PodPracticeUITests.m in Sources */ = {isa = PBXBuildFile; fileRef = 40454B9022967D45005D0FC3 /* PodPracticeUITests.m */; };
/* End PBXBuildFile section */

/* Begin PBXContainerItemProxy section */
		40454B8222967D45005D0FC3 /* PBXContainerItemProxy */ = {
			isa = PBXContainerItemProxy;
			containerPortal = 40454B6122967D45005D0FC3 /* Project object */;
			proxyType = 1;
			remoteGlobalIDString = 40454B6822967D45005D0FC3;
			remoteInfo = PodPractice;
		};
		40454B8D22967D45005D0FC3 /* PBXContainerItemProxy */ = {
			isa = PBXContainerItemProxy;
			containerPortal = 40454B6122967D45005D0FC3 /* Project object */;
			proxyType = 1;
			remoteGlobalIDString = 40454B6822967D45005D0FC3;
			remoteInfo = PodPractice;
		};
/* End PBXContainerItemProxy section */

/* Begin PBXFileReference section */
		40454B6922967D45005D0FC3 /* PodPractice.app */ = {isa = PBXFileReference; explicitFileType = wrapper.application; includeInIndex = 0; path = PodPractice.app; sourceTree = BUILT_PRODUCTS_DIR; };
		40454B6C22967D45005D0FC3 /* AppDelegate.h */ = {isa = PBXFileReference; lastKnownFileType = sourcecode.c.h; path = AppDelegate.h; sourceTree = "<group>"; };
		40454B6D22967D45005D0FC3 /* AppDelegate.m */ = {isa = PBXFileReference; lastKnownFileType = sourcecode.c.objc; path = AppDelegate.m; sourceTree = "<group>"; };
		40454B6F22967D45005D0FC3 /* ViewController.h */ = {isa = PBXFileReference; lastKnownFileType = sourcecode.c.h; path = ViewController.h; sourceTree = "<group>"; };
		40454B7022967D45005D0FC3 /* ViewController.m */ = {isa = PBXFileReference; lastKnownFileType = sourcecode.c.objc; path = ViewController.m; sourceTree = "<group>"; };
		40454B7322967D45005D0FC3 /* Base */ = {isa = PBXFileReference; lastKnownFileType = file.storyboard; name = Base; path = Base.lproj/Main.storyboard; sourceTree = "<group>"; };
		40454B7522967D45005D0FC3 /* Assets.xcassets */ = {isa = PBXFileReference; lastKnownFileType = folder.assetcatalog; path = Assets.xcassets; sourceTree = "<group>"; };
		40454B7822967D45005D0FC3 /* Base */ = {isa = PBXFileReference; lastKnownFileType = file.storyboard; name = Base; path = Base.lproj/LaunchScreen.storyboard; sourceTree = "<group>"; };
		40454B7A22967D45005D0FC3 /* Info.plist */ = {isa = PBXFileReference; lastKnownFileType = text.plist.xml; path = Info.plist; sourceTree = "<group>"; };
		40454B7B22967D45005D0FC3 /* main.m */ = {isa = PBXFileReference; lastKnownFileType = sourcecode.c.objc; path = main.m; sourceTree = "<group>"; };
		40454B8122967D45005D0FC3 /* PodPracticeTests.xctest */ = {isa = PBXFileReference; explicitFileType = wrapper.cfbundle; includeInIndex = 0; path = PodPracticeTests.xctest; sourceTree = BUILT_PRODUCTS_DIR; };
		40454B8522967D45005D0FC3 /* PodPracticeTests.m */ = {isa = PBXFileReference; lastKnownFileType = sourcecode.c.objc; path = PodPracticeTests.m; sourceTree = "<group>"; };
		40454B8722967D45005D0FC3 /* Info.plist */ = {isa = PBXFileReference; lastKnownFileType = text.plist.xml; path = Info.plist; sourceTree = "<group>"; };
		40454B8C22967D45005D0FC3 /* PodPracticeUITests.xctest */ = {isa = PBXFileReference; explicitFileType = wrapper.cfbundle; includeInIndex = 0; path = PodPracticeUITests.xctest; sourceTree = BUILT_PRODUCTS_DIR; };
		40454B9022967D45005D0FC3 /* PodPracticeUITests.m */ = {isa = PBXFileReference; lastKnownFileType = sourcecode.c.objc; path = PodPracticeUITests.m; sourceTree = "<group>"; };
		40454B9222967D45005D0FC3 /* Info.plist */ = {isa = PBXFileReference; lastKnownFileType = text.plist.xml; path = Info.plist; sourceTree = "<group>"; };
/* End PBXFileReference section */

/* Begin PBXFrameworksBuildPhase section */
		40454B6622967D45005D0FC3 /* Frameworks */ = {
			isa = PBXFrameworksBuildPhase;
			buildActionMask = 2147483647;
			files = (
			);
			runOnlyForDeploymentPostprocessing = 0;
		};
		40454B7E22967D45005D0FC3 /* Frameworks */ = {
			isa = PBXFrameworksBuildPhase;
			buildActionMask = 2147483647;
			files = (
			);
			runOnlyForDeploymentPostprocessing = 0;
		};
		40454B8922967D45005D0FC3 /* Frameworks */ = {
			isa = PBXFrameworksBuildPhase;
			buildActionMask = 2147483647;
			files = (
			);
			runOnlyForDeploymentPostprocessing = 0;
		};
/* End PBXFrameworksBuildPhase section */

/* Begin PBXGroup section */
		40454B6022967D45005D0FC3 = {
			isa = PBXGroup;
			children = (
				40454B6B22967D45005D0FC3 /* PodPractice */,
				40454B8422967D45005D0FC3 /* PodPracticeTests */,
				40454B8F22967D45005D0FC3 /* PodPracticeUITests */,
				40454B6A22967D45005D0FC3 /* Products */,
			);
			sourceTree = "<group>";
		};
		40454B6A22967D45005D0FC3 /* Products */ = {
			isa = PBXGroup;
			children = (
				40454B6922967D45005D0FC3 /* PodPractice.app */,
				40454B8122967D45005D0FC3 /* PodPracticeTests.xctest */,
				40454B8C22967D45005D0FC3 /* PodPracticeUITests.xctest */,
			);
			name = Products;
			sourceTree = "<group>";
		};
		40454B6B22967D45005D0FC3 /* PodPractice */ = {
			isa = PBXGroup;
			children = (
				40454B6C22967D45005D0FC3 /* AppDelegate.h */,
				40454B6D22967D45005D0FC3 /* AppDelegate.m */,
				40454B6F22967D45005D0FC3 /* ViewController.h */,
				40454B7022967D45005D0FC3 /* ViewController.m */,
				40454B7222967D45005D0FC3 /* Main.storyboard */,
				40454B7522967D45005D0FC3 /* Assets.xcassets */,
				40454B7722967D45005D0FC3 /* LaunchScreen.storyboard */,
				40454B7A22967D45005D0FC3 /* Info.plist */,
				40454B7B22967D45005D0FC3 /* main.m */,
			);
			path = PodPractice;
			sourceTree = "<group>";
		};
		40454B8422967D45005D0FC3 /* PodPracticeTests */ = {
			isa = PBXGroup;
			children = (
				40454B8522967D45005D0FC3 /* PodPracticeTests.m */,
				40454B8722967D45005D0FC3 /* Info.plist */,
			);
			path = PodPracticeTests;
			sourceTree = "<group>";
		};
		40454B8F22967D45005D0FC3 /* PodPracticeUITests */ = {
			isa = PBXGroup;
			children = (
				40454B9022967D45005D0FC3 /* PodPracticeUITests.m */,
				40454B9222967D45005D0FC3 /* Info.plist */,
			);
			path = PodPracticeUITests;
			sourceTree = "<group>";
		};
/* End PBXGroup section */

/* Begin PBXNativeTarget section */
		40454B6822967D45005D0FC3 /* PodPractice */ = {
			isa = PBXNativeTarget;
			buildConfigurationList = 40454B9522967D45005D0FC3 /* Build configuration list for PBXNativeTarget "PodPractice" */;
			buildPhases = (
				40454B6522967D45005D0FC3 /* Sources */,
				40454B6622967D45005D0FC3 /* Frameworks */,
				40454B6722967D45005D0FC3 /* Resources */,
			);
			buildRules = (
			);
			dependencies = (
			);
			name = PodPractice;
			productName = PodPractice;
			productReference = 40454B6922967D45005D0FC3 /* PodPractice.app */;
			productType = "com.apple.product-type.application";
		};
		40454B8022967D45005D0FC3 /* PodPracticeTests */ = {
			isa = PBXNativeTarget;
			buildConfigurationList = 40454B9822967D45005D0FC3 /* Build configuration list for PBXNativeTarget "PodPracticeTests" */;
			buildPhases = (
				40454B7D22967D45005D0FC3 /* Sources */,
				40454B7E22967D45005D0FC3 /* Frameworks */,
				40454B7F22967D45005D0FC3 /* Resources */,
			);
			buildRules = (
			);
			dependencies = (
				40454B8322967D45005D0FC3 /* PBXTargetDependency */,
			);
			name = PodPracticeTests;
			productName = PodPracticeTests;
			productReference = 40454B8122967D45005D0FC3 /* PodPracticeTests.xctest */;
			productType = "com.apple.product-type.bundle.unit-test";
		};
		40454B8B22967D45005D0FC3 /* PodPracticeUITests */ = {
			isa = PBXNativeTarget;
			buildConfigurationList = 40454B9B22967D45005D0FC3 /* Build configuration list for PBXNativeTarget "PodPracticeUITests" */;
			buildPhases = (
				40454B8822967D45005D0FC3 /* Sources */,
				40454B8922967D45005D0FC3 /* Frameworks */,
				40454B8A22967D45005D0FC3 /* Resources */,
			);
			buildRules = (
			);
			dependencies = (
				40454B8E22967D45005D0FC3 /* PBXTargetDependency */,
			);
			name = PodPracticeUITests;
			productName = PodPracticeUITests;
			productReference = 40454B8C22967D45005D0FC3 /* PodPracticeUITests.xctest */;
			productType = "com.apple.product-type.bundle.ui-testing";
		};
/* End PBXNativeTarget section */

/* Begin PBXProject section */
		40454B6122967D45005D0FC3 /* Project object */ = {
			isa = PBXProject;
			attributes = {
				LastUpgradeCheck = 1020;
				ORGANIZATIONNAME = ZBJT;
				TargetAttributes = {
					40454B6822967D45005D0FC3 = {
						CreatedOnToolsVersion = 10.2.1;
					};
					40454B8022967D45005D0FC3 = {
						CreatedOnToolsVersion = 10.2.1;
						TestTargetID = 40454B6822967D45005D0FC3;
					};
					40454B8B22967D45005D0FC3 = {
						CreatedOnToolsVersion = 10.2.1;
						TestTargetID = 40454B6822967D45005D0FC3;
					};
				};
			};
			buildConfigurationList = 40454B6422967D45005D0FC3 /* Build configuration list for PBXProject "PodPractice" */;
			compatibilityVersion = "Xcode 9.3";
			developmentRegion = en;
			hasScannedForEncodings = 0;
			knownRegions = (
				en,
				Base,
			);
			mainGroup = 40454B6022967D45005D0FC3;
			productRefGroup = 40454B6A22967D45005D0FC3 /* Products */;
			projectDirPath = "";
			projectRoot = "";
			targets = (
				40454B6822967D45005D0FC3 /* PodPractice */,
				40454B8022967D45005D0FC3 /* PodPracticeTests */,
				40454B8B22967D45005D0FC3 /* PodPracticeUITests */,
			);
		};
/* End PBXProject section */

/* Begin PBXResourcesBuildPhase section */
		40454B6722967D45005D0FC3 /* Resources */ = {
			isa = PBXResourcesBuildPhase;
			buildActionMask = 2147483647;
			files = (
				40454B7922967D45005D0FC3 /* LaunchScreen.storyboard in Resources */,
				40454B7622967D45005D0FC3 /* Assets.xcassets in Resources */,
				40454B7422967D45005D0FC3 /* Main.storyboard in Resources */,
			);
			runOnlyForDeploymentPostprocessing = 0;
		};
		40454B7F22967D45005D0FC3 /* Resources */ = {
			isa = PBXResourcesBuildPhase;
			buildActionMask = 2147483647;
			files = (
			);
			runOnlyForDeploymentPostprocessing = 0;
		};
		40454B8A22967D45005D0FC3 /* Resources */ = {
			isa = PBXResourcesBuildPhase;
			buildActionMask = 2147483647;
			files = (
			);
			runOnlyForDeploymentPostprocessing = 0;
		};
/* End PBXResourcesBuildPhase section */

/* Begin PBXSourcesBuildPhase section */
		40454B6522967D45005D0FC3 /* Sources */ = {
			isa = PBXSourcesBuildPhase;
			buildActionMask = 2147483647;
			files = (
				40454B7122967D45005D0FC3 /* ViewController.m in Sources */,
				40454B7C22967D45005D0FC3 /* main.m in Sources */,
				40454B6E22967D45005D0FC3 /* AppDelegate.m in Sources */,
			);
			runOnlyForDeploymentPostprocessing = 0;
		};
		40454B7D22967D45005D0FC3 /* Sources */ = {
			isa = PBXSourcesBuildPhase;
			buildActionMask = 2147483647;
			files = (
				40454B8622967D45005D0FC3 /* PodPracticeTests.m in Sources */,
			);
			runOnlyForDeploymentPostprocessing = 0;
		};
		40454B8822967D45005D0FC3 /* Sources */ = {
			isa = PBXSourcesBuildPhase;
			buildActionMask = 2147483647;
			files = (
				40454B9122967D45005D0FC3 /* PodPracticeUITests.m in Sources */,
			);
			runOnlyForDeploymentPostprocessing = 0;
		};
/* End PBXSourcesBuildPhase section */

/* Begin PBXTargetDependency section */
		40454B8322967D45005D0FC3 /* PBXTargetDependency */ = {
			isa = PBXTargetDependency;
			target = 40454B6822967D45005D0FC3 /* PodPractice */;
			targetProxy = 40454B8222967D45005D0FC3 /* PBXContainerItemProxy */;
		};
		40454B8E22967D45005D0FC3 /* PBXTargetDependency */ = {
			isa = PBXTargetDependency;
			target = 40454B6822967D45005D0FC3 /* PodPractice */;
			targetProxy = 40454B8D22967D45005D0FC3 /* PBXContainerItemProxy */;
		};
/* End PBXTargetDependency section */

/* Begin PBXVariantGroup section */
		40454B7222967D45005D0FC3 /* Main.storyboard */ = {
			isa = PBXVariantGroup;
			children = (
				40454B7322967D45005D0FC3 /* Base */,
			);
			name = Main.storyboard;
			sourceTree = "<group>";
		};
		40454B7722967D45005D0FC3 /* LaunchScreen.storyboard */ = {
			isa = PBXVariantGroup;
			children = (
				40454B7822967D45005D0FC3 /* Base */,
			);
			name = LaunchScreen.storyboard;
			sourceTree = "<group>";
		};
/* End PBXVariantGroup section */

/* Begin XCBuildConfiguration section */
		40454B9322967D45005D0FC3 /* Debug */ = {
			isa = XCBuildConfiguration;
			buildSettings = {
				ALWAYS_SEARCH_USER_PATHS = NO;
				CLANG_ANALYZER_NONNULL = YES;
				CLANG_ANALYZER_NUMBER_OBJECT_CONVERSION = YES_AGGRESSIVE;
				CLANG_CXX_LANGUAGE_STANDARD = "gnu++14";
				CLANG_CXX_LIBRARY = "libc++";
				CLANG_ENABLE_MODULES = YES;
				CLANG_ENABLE_OBJC_ARC = YES;
				CLANG_ENABLE_OBJC_WEAK = YES;
				CLANG_WARN_BLOCK_CAPTURE_AUTORELEASING = YES;
				CLANG_WARN_BOOL_CONVERSION = YES;
				CLANG_WARN_COMMA = YES;
				CLANG_WARN_CONSTANT_CONVERSION = YES;
				CLANG_WARN_DEPRECATED_OBJC_IMPLEMENTATIONS = YES;
				CLANG_WARN_DIRECT_OBJC_ISA_USAGE = YES_ERROR;
				CLANG_WARN_DOCUMENTATION_COMMENTS = YES;
				CLANG_WARN_EMPTY_BODY = YES;
				CLANG_WARN_ENUM_CONVERSION = YES;
				CLANG_WARN_INFINITE_RECURSION = YES;
				CLANG_WARN_INT_CONVERSION = YES;
				CLANG_WARN_NON_LITERAL_NULL_CONVERSION = YES;
				CLANG_WARN_OBJC_IMPLICIT_RETAIN_SELF = YES;
				CLANG_WARN_OBJC_LITERAL_CONVERSION = YES;
				CLANG_WARN_OBJC_ROOT_CLASS = YES_ERROR;
				CLANG_WARN_RANGE_LOOP_ANALYSIS = YES;
				CLANG_WARN_STRICT_PROTOTYPES = YES;
				CLANG_WARN_SUSPICIOUS_MOVE = YES;
				CLANG_WARN_UNGUARDED_AVAILABILITY = YES_AGGRESSIVE;
				CLANG_WARN_UNREACHABLE_CODE = YES;
				CLANG_WARN__DUPLICATE_METHOD_MATCH = YES;
				CODE_SIGN_IDENTITY = "iPhone Developer";
				COPY_PHASE_STRIP = NO;
				DEBUG_INFORMATION_FORMAT = dwarf;
				ENABLE_STRICT_OBJC_MSGSEND = YES;
				ENABLE_TESTABILITY = YES;
				GCC_C_LANGUAGE_STANDARD = gnu11;
				GCC_DYNAMIC_NO_PIC = NO;
				GCC_NO_COMMON_BLOCKS = YES;
				GCC_OPTIMIZATION_LEVEL = 0;
				GCC_PREPROCESSOR_DEFINITIONS = (
					"DEBUG=1",
					"$(inherited)",
				);
				GCC_WARN_64_TO_32_BIT_CONVERSION = YES;
				GCC_WARN_ABOUT_RETURN_TYPE = YES_ERROR;
				GCC_WARN_UNDECLARED_SELECTOR = YES;
				GCC_WARN_UNINITIALIZED_AUTOS = YES_AGGRESSIVE;
				GCC_WARN_UNUSED_FUNCTION = YES;
				GCC_WARN_UNUSED_VARIABLE = YES;
				IPHONEOS_DEPLOYMENT_TARGET = 12.2;
				MTL_ENABLE_DEBUG_INFO = INCLUDE_SOURCE;
				MTL_FAST_MATH = YES;
				ONLY_ACTIVE_ARCH = YES;
				SDKROOT = iphoneos;
			};
			name = Debug;
		};
		40454B9422967D45005D0FC3 /* Release */ = {
			isa = XCBuildConfiguration;
			buildSettings = {
				ALWAYS_SEARCH_USER_PATHS = NO;
				CLANG_ANALYZER_NONNULL = YES;
				CLANG_ANALYZER_NUMBER_OBJECT_CONVERSION = YES_AGGRESSIVE;
				CLANG_CXX_LANGUAGE_STANDARD = "gnu++14";
				CLANG_CXX_LIBRARY = "libc++";
				CLANG_ENABLE_MODULES = YES;
				CLANG_ENABLE_OBJC_ARC = YES;
				CLANG_ENABLE_OBJC_WEAK = YES;
				CLANG_WARN_BLOCK_CAPTURE_AUTORELEASING = YES;
				CLANG_WARN_BOOL_CONVERSION = YES;
				CLANG_WARN_COMMA = YES;
				CLANG_WARN_CONSTANT_CONVERSION = YES;
				CLANG_WARN_DEPRECATED_OBJC_IMPLEMENTATIONS = YES;
				CLANG_WARN_DIRECT_OBJC_ISA_USAGE = YES_ERROR;
				CLANG_WARN_DOCUMENTATION_COMMENTS = YES;
				CLANG_WARN_EMPTY_BODY = YES;
				CLANG_WARN_ENUM_CONVERSION = YES;
				CLANG_WARN_INFINITE_RECURSION = YES;
				CLANG_WARN_INT_CONVERSION = YES;
				CLANG_WARN_NON_LITERAL_NULL_CONVERSION = YES;
				CLANG_WARN_OBJC_IMPLICIT_RETAIN_SELF = YES;
				CLANG_WARN_OBJC_LITERAL_CONVERSION = YES;
				CLANG_WARN_OBJC_ROOT_CLASS = YES_ERROR;
				CLANG_WARN_RANGE_LOOP_ANALYSIS = YES;
				CLANG_WARN_STRICT_PROTOTYPES = YES;
				CLANG_WARN_SUSPICIOUS_MOVE = YES;
				CLANG_WARN_UNGUARDED_AVAILABILITY = YES_AGGRESSIVE;
				CLANG_WARN_UNREACHABLE_CODE = YES;
				CLANG_WARN__DUPLICATE_METHOD_MATCH = YES;
				CODE_SIGN_IDENTITY = "iPhone Developer";
				COPY_PHASE_STRIP = NO;
				DEBUG_INFORMATION_FORMAT = "dwarf-with-dsym";
				ENABLE_NS_ASSERTIONS = NO;
				ENABLE_STRICT_OBJC_MSGSEND = YES;
				GCC_C_LANGUAGE_STANDARD = gnu11;
				GCC_NO_COMMON_BLOCKS = YES;
				GCC_WARN_64_TO_32_BIT_CONVERSION = YES;
				GCC_WARN_ABOUT_RETURN_TYPE = YES_ERROR;
				GCC_WARN_UNDECLARED_SELECTOR = YES;
				GCC_WARN_UNINITIALIZED_AUTOS = YES_AGGRESSIVE;
				GCC_WARN_UNUSED_FUNCTION = YES;
				GCC_WARN_UNUSED_VARIABLE = YES;
				IPHONEOS_DEPLOYMENT_TARGET = 12.2;
				MTL_ENABLE_DEBUG_INFO = NO;
				MTL_FAST_MATH = YES;
				SDKROOT = iphoneos;
				VALIDATE_PRODUCT = YES;
			};
			name = Release;
		};
		40454B9622967D45005D0FC3 /* Debug */ = {
			isa = XCBuildConfiguration;
			buildSettings = {
				ASSETCATALOG_COMPILER_APPICON_NAME = AppIcon;
				CODE_SIGN_STYLE = Automatic;
				INFOPLIST_FILE = PodPractice/Info.plist;
				LD_RUNPATH_SEARCH_PATHS = (
					"$(inherited)",
					"@executable_path/Frameworks",
				);
				PRODUCT_BUNDLE_IDENTIFIER = welfare.PodPractice;
				PRODUCT_NAME = "$(TARGET_NAME)";
				TARGETED_DEVICE_FAMILY = "1,2";
			};
			name = Debug;
		};
		40454B9722967D45005D0FC3 /* Release */ = {
			isa = XCBuildConfiguration;
			buildSettings = {
				ASSETCATALOG_COMPILER_APPICON_NAME = AppIcon;
				CODE_SIGN_STYLE = Automatic;
				INFOPLIST_FILE = PodPractice/Info.plist;
				LD_RUNPATH_SEARCH_PATHS = (
					"$(inherited)",
					"@executable_path/Frameworks",
				);
				PRODUCT_BUNDLE_IDENTIFIER = welfare.PodPractice;
				PRODUCT_NAME = "$(TARGET_NAME)";
				TARGETED_DEVICE_FAMILY = "1,2";
			};
			name = Release;
		};
		40454B9922967D45005D0FC3 /* Debug */ = {
			isa = XCBuildConfiguration;
			buildSettings = {
				BUNDLE_LOADER = "$(TEST_HOST)";
				CODE_SIGN_STYLE = Automatic;
				INFOPLIST_FILE = PodPracticeTests/Info.plist;
				LD_RUNPATH_SEARCH_PATHS = (
					"$(inherited)",
					"@executable_path/Frameworks",
					"@loader_path/Frameworks",
				);
				PRODUCT_BUNDLE_IDENTIFIER = welfare.PodPracticeTests;
				PRODUCT_NAME = "$(TARGET_NAME)";
				TARGETED_DEVICE_FAMILY = "1,2";
				TEST_HOST = "$(BUILT_PRODUCTS_DIR)/PodPractice.app/PodPractice";
			};
			name = Debug;
		};
		40454B9A22967D45005D0FC3 /* Release */ = {
			isa = XCBuildConfiguration;
			buildSettings = {
				BUNDLE_LOADER = "$(TEST_HOST)";
				CODE_SIGN_STYLE = Automatic;
				INFOPLIST_FILE = PodPracticeTests/Info.plist;
				LD_RUNPATH_SEARCH_PATHS = (
					"$(inherited)",
					"@executable_path/Frameworks",
					"@loader_path/Frameworks",
				);
				PRODUCT_BUNDLE_IDENTIFIER = welfare.PodPracticeTests;
				PRODUCT_NAME = "$(TARGET_NAME)";
				TARGETED_DEVICE_FAMILY = "1,2";
				TEST_HOST = "$(BUILT_PRODUCTS_DIR)/PodPractice.app/PodPractice";
			};
			name = Release;
		};
		40454B9C22967D45005D0FC3 /* Debug */ = {
			isa = XCBuildConfiguration;
			buildSettings = {
				CODE_SIGN_STYLE = Automatic;
				INFOPLIST_FILE = PodPracticeUITests/Info.plist;
				LD_RUNPATH_SEARCH_PATHS = (
					"$(inherited)",
					"@executable_path/Frameworks",
					"@loader_path/Frameworks",
				);
				PRODUCT_BUNDLE_IDENTIFIER = welfare.PodPracticeUITests;
				PRODUCT_NAME = "$(TARGET_NAME)";
				TARGETED_DEVICE_FAMILY = "1,2";
				TEST_TARGET_NAME = PodPractice;
			};
			name = Debug;
		};
		40454B9D22967D45005D0FC3 /* Release */ = {
			isa = XCBuildConfiguration;
			buildSettings = {
				CODE_SIGN_STYLE = Automatic;
				INFOPLIST_FILE = PodPracticeUITests/Info.plist;
				LD_RUNPATH_SEARCH_PATHS = (
					"$(inherited)",
					"@executable_path/Frameworks",
					"@loader_path/Frameworks",
				);
				PRODUCT_BUNDLE_IDENTIFIER = welfare.PodPracticeUITests;
				PRODUCT_NAME = "$(TARGET_NAME)";
				TARGETED_DEVICE_FAMILY = "1,2";
				TEST_TARGET_NAME = PodPractice;
			};
			name = Release;
		};
/* End XCBuildConfiguration section */

/* Begin XCConfigurationList section */
		40454B6422967D45005D0FC3 /* Build configuration list for PBXProject "PodPractice" */ = {
			isa = XCConfigurationList;
			buildConfigurations = (
				40454B9322967D45005D0FC3 /* Debug */,
				40454B9422967D45005D0FC3 /* Release */,
			);
			defaultConfigurationIsVisible = 0;
			defaultConfigurationName = Release;
		};
		40454B9522967D45005D0FC3 /* Build configuration list for PBXNativeTarget "PodPractice" */ = {
			isa = XCConfigurationList;
			buildConfigurations = (
				40454B9622967D45005D0FC3 /* Debug */,
				40454B9722967D45005D0FC3 /* Release */,
			);
			defaultConfigurationIsVisible = 0;
			defaultConfigurationName = Release;
		};
		40454B9822967D45005D0FC3 /* Build configuration list for PBXNativeTarget "PodPracticeTests" */ = {
			isa = XCConfigurationList;
			buildConfigurations = (
				40454B9922967D45005D0FC3 /* Debug */,
				40454B9A22967D45005D0FC3 /* Release */,
			);
			defaultConfigurationIsVisible = 0;
			defaultConfigurationName = Release;
		};
		40454B9B22967D45005D0FC3 /* Build configuration list for PBXNativeTarget "PodPracticeUITests" */ = {
			isa = XCConfigurationList;
			buildConfigurations = (
				40454B9C22967D45005D0FC3 /* Debug */,
				40454B9D22967D45005D0FC3 /* Release */,
			);
			defaultConfigurationIsVisible = 0;
			defaultConfigurationName = Release;
		};
/* End XCConfigurationList section */
	};
	rootObject = 40454B6122967D45005D0FC3 /* Project object */;
}
